
Microsoft Visual Studio Solution File, Format Version 10.00
# Visual Studio 2008
Project("{8BC9CEB8-8B4A-11D0-8D11-00A0C91BC942}") = "simc", "simc.vcproj", "{00058543-E5EA-1540-B535-BCE859AA319E}"
EndProject
Project("{8BC9CEB8-8B4A-11D0-8D11-00A0C91BC942}") = "ivss", "ivss.vcproj", "{7C47D0FF-1A6A-4226-8282-DF7162F6A908}"
EndProject
Project("{8BC9CEB8-8B4A-11D0-8D11-00A0C91BC942}") = "glfw", "glfw.vcproj", "{D15A53B8-EDE5-8C4E-90AF-09F47C48DA45}"
EndProject
Project("{8BC9CEB8-8B4A-11D0-8D11-00A0C91BC942}") = "standalone_ivss", "standalone_ivss.vcproj", "{62FCF23A-66A2-43EF-BADA-A371523BEF57}"
	ProjectSection(ProjectDependencies) = postProject
		{00058543-E5EA-1540-B535-BCE859AA319E} = {00058543-E5EA-1540-B535-BCE859AA319E}
		{7C47D0FF-1A6A-4226-8282-DF7162F6A908} = {7C47D0FF-1A6A-4226-8282-DF7162F6A908}
		{D15A53B8-EDE5-8C4E-90AF-09F47C48DA45} = {D15A53B8-EDE5-8C4E-90AF-09F47C48DA45}
	EndProjectSection
EndProject
Global
	GlobalSection(SolutionConfigurationPlatforms) = preSolution
		Debug|Win32 = Debug|Win32
		Debug|x64 = Debug|x64
		Release|Win32 = Release|Win32
		Release|x64 = Release|x64
		DebugDynamic|Win32 = DebugDynamic|Win32
		DebugDynamic|x64 = DebugDynamic|x64
		ReleaseDynamic|Win32 = ReleaseDynamic|Win32
		ReleaseDynamic|x64 = ReleaseDynamic|x64
		DebugSingleThread|Win32 = DebugSingleThread|Win32
		DebugSingleThread|x64 = DebugSingleThread|x64
		ReleaseSingleThread|Win32 = ReleaseSingleThread|Win32
		ReleaseSingleThread|x64 = ReleaseSingleThread|x64
		DebugSingleThreadDynamic|Win32 = DebugSingleThreadDynamic|Win32
		DebugSingleThreadDynamic|x64 = DebugSingleThreadDynamic|x64
		ReleaseSingleThreadDynamic|Win32 = ReleaseSingleThreadDynamic|Win32
		ReleaseSingleThreadDynamic|x64 = ReleaseSingleThreadDynamic|x64
	EndGlobalSection
	GlobalSection(ProjectConfigurationPlatforms) = postSolution
		{00058543-E5EA-1540-B535-BCE859AA319E}.Debug|Win32.ActiveCfg = Debug|Win32
		{00058543-E5EA-1540-B535-BCE859AA319E}.Debug|Win32.Build.0 = Debug|Win32
		{00058543-E5EA-1540-B535-BCE859AA319E}.Debug|x64.ActiveCfg = Debug|x64
		{00058543-E5EA-1540-B535-BCE859AA319E}.Debug|x64.Build.0 = Debug|x64
		{00058543-E5EA-1540-B535-BCE859AA319E}.Release|Win32.ActiveCfg = Release|Win32
		{00058543-E5EA-1540-B535-BCE859AA319E}.Release|Win32.Build.0 = Release|Win32
		{00058543-E5EA-1540-B535-BCE859AA319E}.Release|x64.ActiveCfg = Release|x64
		{00058543-E5EA-1540-B535-BCE859AA319E}.Release|x64.Build.0 = Release|x64
		{00058543-E5EA-1540-B535-BCE859AA319E}.DebugDynamic|Win32.ActiveCfg = DebugDynamic|Win32
		{00058543-E5EA-1540-B535-BCE859AA319E}.DebugDynamic|Win32.Build.0 = DebugDynamic|Win32
		{00058543-E5EA-1540-B535-BCE859AA319E}.DebugDynamic|x64.ActiveCfg = DebugDynamic|x64
		{00058543-E5EA-1540-B535-BCE859AA319E}.DebugDynamic|x64.Build.0 = DebugDynamic|x64
		{00058543-E5EA-1540-B535-BCE859AA319E}.ReleaseDynamic|Win32.ActiveCfg = ReleaseDynamic|Win32
		{00058543-E5EA-1540-B535-BCE859AA319E}.ReleaseDynamic|Win32.Build.0 = ReleaseDynamic|Win32
		{00058543-E5EA-1540-B535-BCE859AA319E}.ReleaseDynamic|x64.ActiveCfg = ReleaseDynamic|x64
		{00058543-E5EA-1540-B535-BCE859AA319E}.ReleaseDynamic|x64.Build.0 = ReleaseDynamic|x64
		{00058543-E5EA-1540-B535-BCE859AA319E}.DebugSingleThread|Win32.ActiveCfg = DebugSingleThread|Win32
		{00058543-E5EA-1540-B535-BCE859AA319E}.DebugSingleThread|Win32.Build.0 = DebugSingleThread|Win32
		{00058543-E5EA-1540-B535-BCE859AA319E}.DebugSingleThread|x64.ActiveCfg = DebugSingleThread|x64
		{00058543-E5EA-1540-B535-BCE859AA319E}.DebugSingleThread|x64.Build.0 = DebugSingleThread|x64
		{00058543-E5EA-1540-B535-BCE859AA319E}.ReleaseSingleThread|Win32.ActiveCfg = ReleaseSingleThread|Win32
		{00058543-E5EA-1540-B535-BCE859AA319E}.ReleaseSingleThread|Win32.Build.0 = ReleaseSingleThread|Win32
		{00058543-E5EA-1540-B535-BCE859AA319E}.ReleaseSingleThread|x64.ActiveCfg = ReleaseSingleThread|x64
		{00058543-E5EA-1540-B535-BCE859AA319E}.ReleaseSingleThread|x64.Build.0 = ReleaseSingleThread|x64
		{00058543-E5EA-1540-B535-BCE859AA319E}.DebugSingleThreadDynamic|Win32.ActiveCfg = DebugSingleThreadDynamic|Win32
		{00058543-E5EA-1540-B535-BCE859AA319E}.DebugSingleThreadDynamic|Win32.Build.0 = DebugSingleThreadDynamic|Win32
		{00058543-E5EA-1540-B535-BCE859AA319E}.DebugSingleThreadDynamic|x64.ActiveCfg = DebugSingleThreadDynamic|x64
		{00058543-E5EA-1540-B535-BCE859AA319E}.DebugSingleThreadDynamic|x64.Build.0 = DebugSingleThreadDynamic|x64
		{00058543-E5EA-1540-B535-BCE859AA319E}.ReleaseSingleThreadDynamic|Win32.ActiveCfg = ReleaseSingleThreadDynamic|Win32
		{00058543-E5EA-1540-B535-BCE859AA319E}.ReleaseSingleThreadDynamic|Win32.Build.0 = ReleaseSingleThreadDynamic|Win32
		{00058543-E5EA-1540-B535-BCE859AA319E}.ReleaseSingleThreadDynamic|x64.ActiveCfg = ReleaseSingleThreadDynamic|x64
		{00058543-E5EA-1540-B535-BCE859AA319E}.ReleaseSingleThreadDynamic|x64.Build.0 = ReleaseSingleThreadDynamic|x64
		{7C47D0FF-1A6A-4226-8282-DF7162F6A908}.Debug|Win32.ActiveCfg = Debug|Win32
		{7C47D0FF-1A6A-4226-8282-DF7162F6A908}.Debug|Win32.Build.0 = Debug|Win32
		{7C47D0FF-1A6A-4226-8282-DF7162F6A908}.Debug|x64.ActiveCfg = Debug|x64
		{7C47D0FF-1A6A-4226-8282-DF7162F6A908}.Debug|x64.Build.0 = Debug|x64
		{7C47D0FF-1A6A-4226-8282-DF7162F6A908}.Release|Win32.ActiveCfg = Release|Win32
		{7C47D0FF-1A6A-4226-8282-DF7162F6A908}.Release|Win32.Build.0 = Release|Win32
		{7C47D0FF-1A6A-4226-8282-DF7162F6A908}.Release|x64.ActiveCfg = Release|x64
		{7C47D0FF-1A6A-4226-8282-DF7162F6A908}.Release|x64.Build.0 = Release|x64
		{7C47D0FF-1A6A-4226-8282-DF7162F6A908}.DebugDynamic|Win32.ActiveCfg = DebugDynamic|Win32
		{7C47D0FF-1A6A-4226-8282-DF7162F6A908}.DebugDynamic|Win32.Build.0 = DebugDynamic|Win32
		{7C47D0FF-1A6A-4226-8282-DF7162F6A908}.DebugDynamic|x64.ActiveCfg = DebugDynamic|x64
		{7C47D0FF-1A6A-4226-8282-DF7162F6A908}.DebugDynamic|x64.Build.0 = DebugDynamic|x64
		{7C47D0FF-1A6A-4226-8282-DF7162F6A908}.ReleaseDynamic|Win32.ActiveCfg = ReleaseDynamic|Win32
		{7C47D0FF-1A6A-4226-8282-DF7162F6A908}.ReleaseDynamic|Win32.Build.0 = ReleaseDynamic|Win32
		{7C47D0FF-1A6A-4226-8282-DF7162F6A908}.ReleaseDynamic|x64.ActiveCfg = ReleaseDynamic|x64
		{7C47D0FF-1A6A-4226-8282-DF7162F6A908}.ReleaseDynamic|x64.Build.0 = ReleaseDynamic|x64
		{7C47D0FF-1A6A-4226-8282-DF7162F6A908}.DebugSingleThread|Win32.ActiveCfg = DebugSingleThread|Win32
		{7C47D0FF-1A6A-4226-8282-DF7162F6A908}.DebugSingleThread|Win32.Build.0 = DebugSingleThread|Win32
		{7C47D0FF-1A6A-4226-8282-DF7162F6A908}.DebugSingleThread|x64.ActiveCfg = DebugSingleThread|x64
		{7C47D0FF-1A6A-4226-8282-DF7162F6A908}.DebugSingleThread|x64.Build.0 = DebugSingleThread|x64
		{7C47D0FF-1A6A-4226-8282-DF7162F6A908}.ReleaseSingleThread|Win32.ActiveCfg = ReleaseSingleThread|Win32
		{7C47D0FF-1A6A-4226-8282-DF7162F6A908}.ReleaseSingleThread|Win32.Build.0 = ReleaseSingleThread|Win32
		{7C47D0FF-1A6A-4226-8282-DF7162F6A908}.ReleaseSingleThread|x64.ActiveCfg = ReleaseSingleThread|x64
		{7C47D0FF-1A6A-4226-8282-DF7162F6A908}.ReleaseSingleThread|x64.Build.0 = ReleaseSingleThread|x64
		{7C47D0FF-1A6A-4226-8282-DF7162F6A908}.DebugSingleThreadDynamic|Win32.ActiveCfg = DebugSingleThreadDynamic|Win32
		{7C47D0FF-1A6A-4226-8282-DF7162F6A908}.DebugSingleThreadDynamic|Win32.Build.0 = DebugSingleThreadDynamic|Win32
		{7C47D0FF-1A6A-4226-8282-DF7162F6A908}.DebugSingleThreadDynamic|x64.ActiveCfg = DebugSingleThreadDynamic|x64
		{7C47D0FF-1A6A-4226-8282-DF7162F6A908}.DebugSingleThreadDynamic|x64.Build.0 = DebugSingleThreadDynamic|x64
		{7C47D0FF-1A6A-4226-8282-DF7162F6A908}.ReleaseSingleThreadDynamic|Win32.ActiveCfg = ReleaseSingleThreadDynamic|Win32
		{7C47D0FF-1A6A-4226-8282-DF7162F6A908}.ReleaseSingleThreadDynamic|Win32.Build.0 = ReleaseSingleThreadDynamic|Win32
		{7C47D0FF-1A6A-4226-8282-DF7162F6A908}.ReleaseSingleThreadDynamic|x64.ActiveCfg = ReleaseSingleThreadDynamic|x64
		{7C47D0FF-1A6A-4226-8282-DF7162F6A908}.ReleaseSingleThreadDynamic|x64.Build.0 = ReleaseSingleThreadDynamic|x64
		{D15A53B8-EDE5-8C4E-90AF-09F47C48DA45}.Debug|Win32.ActiveCfg = Debug|Win32
		{D15A53B8-EDE5-8C4E-90AF-09F47C48DA45}.Debug|Win32.Build.0 = Debug|Win32
		{D15A53B8-EDE5-8C4E-90AF-09F47C48DA45}.Debug|x64.ActiveCfg = Debug|x64
		{D15A53B8-EDE5-8C4E-90AF-09F47C48DA45}.Debug|x64.Build.0 = Debug|x64
		{D15A53B8-EDE5-8C4E-90AF-09F47C48DA45}.Release|Win32.ActiveCfg = Release|Win32
		{D15A53B8-EDE5-8C4E-90AF-09F47C48DA45}.Release|Win32.Build.0 = Release|Win32
		{D15A53B8-EDE5-8C4E-90AF-09F47C48DA45}.Release|x64.ActiveCfg = Release|x64
		{D15A53B8-EDE5-8C4E-90AF-09F47C48DA45}.Release|x64.Build.0 = Release|x64
		{D15A53B8-EDE5-8C4E-90AF-09F47C48DA45}.DebugDynamic|Win32.ActiveCfg = DebugDynamic|Win32
		{D15A53B8-EDE5-8C4E-90AF-09F47C48DA45}.DebugDynamic|Win32.Build.0 = DebugDynamic|Win32
		{D15A53B8-EDE5-8C4E-90AF-09F47C48DA45}.DebugDynamic|x64.ActiveCfg = DebugDynamic|x64
		{D15A53B8-EDE5-8C4E-90AF-09F47C48DA45}.DebugDynamic|x64.Build.0 = DebugDynamic|x64
		{D15A53B8-EDE5-8C4E-90AF-09F47C48DA45}.ReleaseDynamic|Win32.ActiveCfg = ReleaseDynamic|Win32
		{D15A53B8-EDE5-8C4E-90AF-09F47C48DA45}.ReleaseDynamic|Win32.Build.0 = ReleaseDynamic|Win32
		{D15A53B8-EDE5-8C4E-90AF-09F47C48DA45}.ReleaseDynamic|x64.ActiveCfg = ReleaseDynamic|x64
		{D15A53B8-EDE5-8C4E-90AF-09F47C48DA45}.ReleaseDynamic|x64.Build.0 = ReleaseDynamic|x64
		{D15A53B8-EDE5-8C4E-90AF-09F47C48DA45}.DebugSingleThread|Win32.ActiveCfg = DebugSingleThread|Win32
		{D15A53B8-EDE5-8C4E-90AF-09F47C48DA45}.DebugSingleThread|Win32.Build.0 = DebugSingleThread|Win32
		{D15A53B8-EDE5-8C4E-90AF-09F47C48DA45}.DebugSingleThread|x64.ActiveCfg = DebugSingleThread|x64
		{D15A53B8-EDE5-8C4E-90AF-09F47C48DA45}.DebugSingleThread|x64.Build.0 = DebugSingleThread|x64
		{D15A53B8-EDE5-8C4E-90AF-09F47C48DA45}.ReleaseSingleThread|Win32.ActiveCfg = ReleaseSingleThread|Win32
		{D15A53B8-EDE5-8C4E-90AF-09F47C48DA45}.ReleaseSingleThread|Win32.Build.0 = ReleaseSingleThread|Win32
		{D15A53B8-EDE5-8C4E-90AF-09F47C48DA45}.ReleaseSingleThread|x64.ActiveCfg = ReleaseSingleThread|x64
		{D15A53B8-EDE5-8C4E-90AF-09F47C48DA45}.ReleaseSingleThread|x64.Build.0 = ReleaseSingleThread|x64
		{D15A53B8-EDE5-8C4E-90AF-09F47C48DA45}.DebugSingleThreadDynamic|Win32.ActiveCfg = DebugSingleThreadDynamic|Win32
		{D15A53B8-EDE5-8C4E-90AF-09F47C48DA45}.DebugSingleThreadDynamic|Win32.Build.0 = DebugSingleThreadDynamic|Win32
		{D15A53B8-EDE5-8C4E-90AF-09F47C48DA45}.DebugSingleThreadDynamic|x64.ActiveCfg = DebugSingleThreadDynamic|x64
		{D15A53B8-EDE5-8C4E-90AF-09F47C48DA45}.DebugSingleThreadDynamic|x64.Build.0 = DebugSingleThreadDynamic|x64
		{D15A53B8-EDE5-8C4E-90AF-09F47C48DA45}.ReleaseSingleThreadDynamic|Win32.ActiveCfg = ReleaseSingleThreadDynamic|Win32
		{D15A53B8-EDE5-8C4E-90AF-09F47C48DA45}.ReleaseSingleThreadDynamic|Win32.Build.0 = ReleaseSingleThreadDynamic|Win32
		{D15A53B8-EDE5-8C4E-90AF-09F47C48DA45}.ReleaseSingleThreadDynamic|x64.ActiveCfg = ReleaseSingleThreadDynamic|x64
		{D15A53B8-EDE5-8C4E-90AF-09F47C48DA45}.ReleaseSingleThreadDynamic|x64.Build.0 = ReleaseSingleThreadDynamic|x64
		{62FCF23A-66A2-43EF-BADA-A371523BEF57}.Debug|Win32.ActiveCfg = Debug|Win32
		{62FCF23A-66A2-43EF-BADA-A371523BEF57}.Debug|Win32.Build.0 = Debug|Win32
		{62FCF23A-66A2-43EF-BADA-A371523BEF57}.Debug|x64.ActiveCfg = Debug|x64
		{62FCF23A-66A2-43EF-BADA-A371523BEF57}.Debug|x64.Build.0 = Debug|x64
		{62FCF23A-66A2-43EF-BADA-A371523BEF57}.Release|Win32.ActiveCfg = Release|Win32
		{62FCF23A-66A2-43EF-BADA-A371523BEF57}.Release|Win32.Build.0 = Release|Win32
		{62FCF23A-66A2-43EF-BADA-A371523BEF57}.Release|x64.ActiveCfg = Release|x64
		{62FCF23A-66A2-43EF-BADA-A371523BEF57}.Release|x64.Build.0 = Release|x64
		{62FCF23A-66A2-43EF-BADA-A371523BEF57}.DebugDynamic|Win32.ActiveCfg = DebugDynamic|Win32
		{62FCF23A-66A2-43EF-BADA-A371523BEF57}.DebugDynamic|Win32.Build.0 = DebugDynamic|Win32
		{62FCF23A-66A2-43EF-BADA-A371523BEF57}.DebugDynamic|x64.ActiveCfg = DebugDynamic|x64
		{62FCF23A-66A2-43EF-BADA-A371523BEF57}.DebugDynamic|x64.Build.0 = DebugDynamic|x64
		{62FCF23A-66A2-43EF-BADA-A371523BEF57}.ReleaseDynamic|Win32.ActiveCfg = ReleaseDynamic|Win32
		{62FCF23A-66A2-43EF-BADA-A371523BEF57}.ReleaseDynamic|Win32.Build.0 = ReleaseDynamic|Win32
		{62FCF23A-66A2-43EF-BADA-A371523BEF57}.ReleaseDynamic|x64.ActiveCfg = ReleaseDynamic|x64
		{62FCF23A-66A2-43EF-BADA-A371523BEF57}.ReleaseDynamic|x64.Build.0 = ReleaseDynamic|x64
		{62FCF23A-66A2-43EF-BADA-A371523BEF57}.DebugSingleThread|Win32.ActiveCfg = DebugSingleThread|Win32
		{62FCF23A-66A2-43EF-BADA-A371523BEF57}.DebugSingleThread|Win32.Build.0 = DebugSingleThread|Win32
		{62FCF23A-66A2-43EF-BADA-A371523BEF57}.DebugSingleThread|x64.ActiveCfg = DebugSingleThread|x64
		{62FCF23A-66A2-43EF-BADA-A371523BEF57}.DebugSingleThread|x64.Build.0 = DebugSingleThread|x64
		{62FCF23A-66A2-43EF-BADA-A371523BEF57}.ReleaseSingleThread|Win32.ActiveCfg = ReleaseSingleThread|Win32
		{62FCF23A-66A2-43EF-BADA-A371523BEF57}.ReleaseSingleThread|Win32.Build.0 = ReleaseSingleThread|Win32
		{62FCF23A-66A2-43EF-BADA-A371523BEF57}.ReleaseSingleThread|x64.ActiveCfg = ReleaseSingleThread|x64
		{62FCF23A-66A2-43EF-BADA-A371523BEF57}.ReleaseSingleThread|x64.Build.0 = ReleaseSingleThread|x64
		{62FCF23A-66A2-43EF-BADA-A371523BEF57}.DebugSingleThreadDynamic|Win32.ActiveCfg = DebugSingleThreadDynamic|Win32
		{62FCF23A-66A2-43EF-BADA-A371523BEF57}.DebugSingleThreadDynamic|Win32.Build.0 = DebugSingleThreadDynamic|Win32
		{62FCF23A-66A2-43EF-BADA-A371523BEF57}.DebugSingleThreadDynamic|x64.ActiveCfg = DebugSingleThreadDynamic|x64
		{62FCF23A-66A2-43EF-BADA-A371523BEF57}.DebugSingleThreadDynamic|x64.Build.0 = DebugSingleThreadDynamic|x64
		{62FCF23A-66A2-43EF-BADA-A371523BEF57}.ReleaseSingleThreadDynamic|Win32.ActiveCfg = ReleaseSingleThreadDynamic|Win32
		{62FCF23A-66A2-43EF-BADA-A371523BEF57}.ReleaseSingleThreadDynamic|Win32.Build.0 = ReleaseSingleThreadDynamic|Win32
		{62FCF23A-66A2-43EF-BADA-A371523BEF57}.ReleaseSingleThreadDynamic|x64.ActiveCfg = ReleaseSingleThreadDynamic|x64
		{62FCF23A-66A2-43EF-BADA-A371523BEF57}.ReleaseSingleThreadDynamic|x64.Build.0 = ReleaseSingleThreadDynamic|x64
	EndGlobalSection
	GlobalSection(SolutionProperties) = preSolution
		HideSolutionNode = FALSE
	EndGlobalSection
EndGlobal
